
Microsoft Visual Studio Solution File, Format Version 12.00
# Visual Studio Version 17
VisualStudioVersion = 17.9.34723.18
MinimumVisualStudioVersion = 10.0.40219.1
Project("{FAE04EC0-301F-11D3-BF4B-00C04F79EFBC}") = "apiGestores", "apiGestores\apiGestores.csproj", "{65A61863-C8FE-40EA-8E7B-A596B6572D8E}"
EndProject
Global
	GlobalSection(SolutionConfigurationPlatforms) = preSolution
		Debug|Any CPU = Debug|Any CPU
		Release|Any CPU = Release|Any CPU
	EndGlobalSection
	GlobalSection(ProjectConfigurationPlatforms) = postSolution
		{65A61863-C8FE-40EA-8E7B-A596B6572D8E}.Debug|Any CPU.ActiveCfg = Debug|Any CPU
		{65A61863-C8FE-40EA-8E7B-A596B6572D8E}.Debug|Any CPU.Build.0 = Debug|Any CPU
		{65A61863-C8FE-40EA-8E7B-A596B6572D8E}.Release|Any CPU.ActiveCfg = Release|Any CPU
		{65A61863-C8FE-40EA-8E7B-A596B6572D8E}.Release|Any CPU.Build.0 = Release|Any CPU
	EndGlobalSection
	GlobalSection(SolutionProperties) = preSolution
		HideSolutionNode = FALSE
	EndGlobalSection
	GlobalSection(ExtensibilityGlobals) = postSolution
		SolutionGuid = {4FD5F347-9345-4323-B24E-BFAB1BA30217}
	EndGlobalSection
EndGlobal
